{
  "name": "ccapproval",
  "version": "1.0.0",
  "lockfileVersion": 3,
  "requires": true,
  "packages": {
    "": {
      "name": "ccapproval",
      "version": "1.0.0",
      "license": "MIT",
      "bin": {
        "ccapproval": "src/server.js",
        "ccapproval-hook": "src/hook.js"
      }
    }
  }
}
